{
  "name": "mini-printer-pal",
  "version": "0.0.3",
  "lockfileVersion": 2,
  "requires": true,
  "packages": {
    "": {
      "name": "mini-printer-pal",
      "version": "0.0.3",
      "hasInstallScript": true,
      "license": "MIT",
      "dependencies": {
        "@abandonware/noble": "github:vrk/noble"
      }
    },
    "node_modules/@abandonware/noble": {
      "version": "1.9.2-21",
      "resolved": "git+ssh://git@github.com/vrk/noble.git#1588a88afc1a61138a074d7da8e94a39935364be",
      "hasInstallScript": true,
      "license": "MIT",
      "os": [
        "darwin",
        "linux",
        "freebsd",
        "win32"
      ],
      "dependencies": {
        "debug": "^4.3.4",
        "napi-thread-safe-callback": "^0.0.6",
        "node-addon-api": "^4.3.0",
        "node-gyp-build": "^4.5.0"
      },
      "engines": {
        "node": ">=6"
      }
    },
    "node_modules/debug": {
      "version": "4.3.4",
      "resolved": "https://registry.npmjs.org/debug/-/debug-4.3.4.tgz",
      "integrity": "sha512-PRWFHuSU3eDtQJPvnNY7Jcket1j0t5OuOsFzPPzsekD52Zl8qUfFIPEiswXqIvHWGVHOgX+7G/vCNNhehwxfkQ==",
      "dependencies": {
        "ms": "2.1.2"
      },
      "engines": {
        "node": ">=6.0"
      },
      "peerDependenciesMeta": {
        "supports-color": {
          "optional": true
        }
      }
    },
    "node_modules/ms": {
      "version": "2.1.2",
      "resolved": "https://registry.npmjs.org/ms/-/ms-2.1.2.tgz",
      "integrity": "sha512-sGkPx+VjMtmA6MX27oA4FBFELFCZZ4S4XqeGOXCv68tT+jb3vk/RyaKWP0PTKyWtmLSM0b+adUTEvbs1PEaH2w=="
    },
    "node_modules/napi-thread-safe-callback": {
      "version": "0.0.6",
      "resolved": "https://registry.npmjs.org/napi-thread-safe-callback/-/napi-thread-safe-callback-0.0.6.tgz",
      "integrity": "sha512-X7uHCOCdY4u0yamDxDrv3jF2NtYc8A1nvPzBQgvpoSX+WB3jAe2cVNsY448V1ucq7Whf9Wdy02HEUoLW5rJKWg=="
    },
    "node_modules/node-addon-api": {
      "version": "4.3.0",
      "resolved": "https://registry.npmjs.org/node-addon-api/-/node-addon-api-4.3.0.tgz",
      "integrity": "sha512-73sE9+3UaLYYFmDsFZnqCInzPyh3MqIwZO9cw58yIqAZhONrrabrYyYe3TuIqtIiOuTXVhsGau8hcrhhwSsDIQ=="
    },
    "node_modules/node-gyp-build": {
      "version": "4.6.0",
      "resolved": "https://registry.npmjs.org/node-gyp-build/-/node-gyp-build-4.6.0.tgz",
      "integrity": "sha512-NTZVKn9IylLwUzaKjkas1e4u2DLNcV4rdYagA4PWdPwW87Bi7z+BznyKSRwS/761tV/lzCGXplWsiaMjLqP2zQ==",
      "bin": {
        "node-gyp-build": "bin.js",
        "node-gyp-build-optional": "optional.js",
        "node-gyp-build-test": "build-test.js"
      }
    }
  },
  "dependencies": {
    "@abandonware/noble": {
      "version": "git+ssh://git@github.com/vrk/noble.git#1588a88afc1a61138a074d7da8e94a39935364be",
      "from": "@abandonware/noble@github:vrk/noble",
      "requires": {
        "debug": "^4.3.4",
        "napi-thread-safe-callback": "^0.0.6",
        "node-addon-api": "^4.3.0",
        "node-gyp-build": "^4.5.0"
      }
    },
    "debug": {
      "version": "4.3.4",
      "resolved": "https://registry.npmjs.org/debug/-/debug-4.3.4.tgz",
      "integrity": "sha512-PRWFHuSU3eDtQJPvnNY7Jcket1j0t5OuOsFzPPzsekD52Zl8qUfFIPEiswXqIvHWGVHOgX+7G/vCNNhehwxfkQ==",
      "requires": {
        "ms": "2.1.2"
      }
    },
    "ms": {
      "version": "2.1.2",
      "resolved": "https://registry.npmjs.org/ms/-/ms-2.1.2.tgz",
      "integrity": "sha512-sGkPx+VjMtmA6MX27oA4FBFELFCZZ4S4XqeGOXCv68tT+jb3vk/RyaKWP0PTKyWtmLSM0b+adUTEvbs1PEaH2w=="
    },
    "napi-thread-safe-callback": {
      "version": "0.0.6",
      "resolved": "https://registry.npmjs.org/napi-thread-safe-callback/-/napi-thread-safe-callback-0.0.6.tgz",
      "integrity": "sha512-X7uHCOCdY4u0yamDxDrv3jF2NtYc8A1nvPzBQgvpoSX+WB3jAe2cVNsY448V1ucq7Whf9Wdy02HEUoLW5rJKWg=="
    },
    "node-addon-api": {
      "version": "4.3.0",
      "resolved": "https://registry.npmjs.org/node-addon-api/-/node-addon-api-4.3.0.tgz",
      "integrity": "sha512-73sE9+3UaLYYFmDsFZnqCInzPyh3MqIwZO9cw58yIqAZhONrrabrYyYe3TuIqtIiOuTXVhsGau8hcrhhwSsDIQ=="
    },
    "node-gyp-build": {
      "version": "4.6.0",
      "resolved": "https://registry.npmjs.org/node-gyp-build/-/node-gyp-build-4.6.0.tgz",
      "integrity": "sha512-NTZVKn9IylLwUzaKjkas1e4u2DLNcV4rdYagA4PWdPwW87Bi7z+BznyKSRwS/761tV/lzCGXplWsiaMjLqP2zQ=="
    }
  }
}
